// !$*UTF8*$!
{
	archiveVersion = 1;
	classes = {
	};
	objectVersion = 51;
	objects = {

/* Begin PBXBuildFile section */
		2FB7ECAE6544040F1E032DDF /* Pods_Parstagram.framework in Frameworks */ = {isa = PBXBuildFile; fileRef = EA44DD36C18B0E2B7F192E35 /* Pods_Parstagram.framework */; };
		3A26E6E5253F99D9006359FD /* AppDelegate.swift in Sources */ = {isa = PBXBuildFile; fileRef = 3A26E6E4253F99D9006359FD /* AppDelegate.swift */; };
		3A26E6E7253F99D9006359FD /* SceneDelegate.swift in Sources */ = {isa = PBXBuildFile; fileRef = 3A26E6E6253F99D9006359FD /* SceneDelegate.swift */; };
		3A26E6E9253F99D9006359FD /* ViewController.swift in Sources */ = {isa = PBXBuildFile; fileRef = 3A26E6E8253F99D9006359FD /* ViewController.swift */; };
		3A26E6EC253F99D9006359FD /* Main.storyboard in Resources */ = {isa = PBXBuildFile; fileRef = 3A26E6EA253F99D9006359FD /* Main.storyboard */; };
		3A26E6EE253F99DA006359FD /* Assets.xcassets in Resources */ = {isa = PBXBuildFile; fileRef = 3A26E6ED253F99DA006359FD /* Assets.xcassets */; };
		3A26E6F1253F99DA006359FD /* LaunchScreen.storyboard in Resources */ = {isa = PBXBuildFile; fileRef = 3A26E6EF253F99DA006359FD /* LaunchScreen.storyboard */; };
		3A26E6FC253F99DA006359FD /* ParstagramTests.swift in Sources */ = {isa = PBXBuildFile; fileRef = 3A26E6FB253F99DA006359FD /* ParstagramTests.swift */; };
		3A26E707253F99DA006359FD /* ParstagramUITests.swift in Sources */ = {isa = PBXBuildFile; fileRef = 3A26E706253F99DA006359FD /* ParstagramUITests.swift */; };
		3AC8DB07253F9C8900835E05 /* LoginViewController.swift in Sources */ = {isa = PBXBuildFile; fileRef = 3AC8DB06253F9C8900835E05 /* LoginViewController.swift */; };
		3AC8DB0C253F9C9000835E05 /* FeedViewController.swift in Sources */ = {isa = PBXBuildFile; fileRef = 3AC8DB0B253F9C9000835E05 /* FeedViewController.swift */; };
		3AC8DB12253FA6E100835E05 /* CameraViewController.swift in Sources */ = {isa = PBXBuildFile; fileRef = 3AC8DB11253FA6E100835E05 /* CameraViewController.swift */; };
		5E2ABFDA491CC01A23B32BE3 /* Pods_ParstagramTests.framework in Frameworks */ = {isa = PBXBuildFile; fileRef = C49325CB9F90F5FB7A6851F3 /* Pods_ParstagramTests.framework */; };
		898001AB48DCCAE6BA369317 /* Pods_Parstagram_ParstagramUITests.framework in Frameworks */ = {isa = PBXBuildFile; fileRef = 9E81AD0CC1DACB358B68C971 /* Pods_Parstagram_ParstagramUITests.framework */; };
/* End PBXBuildFile section */

/* Begin PBXContainerItemProxy section */
		3A26E6F8253F99DA006359FD /* PBXContainerItemProxy */ = {
			isa = PBXContainerItemProxy;
			containerPortal = 3A26E6D9253F99D8006359FD /* Project object */;
			proxyType = 1;
			remoteGlobalIDString = 3A26E6E0253F99D8006359FD;
			remoteInfo = Parstagram;
		};
		3A26E703253F99DA006359FD /* PBXContainerItemProxy */ = {
			isa = PBXContainerItemProxy;
			containerPortal = 3A26E6D9253F99D8006359FD /* Project object */;
			proxyType = 1;
			remoteGlobalIDString = 3A26E6E0253F99D8006359FD;
			remoteInfo = Parstagram;
		};
/* End PBXContainerItemProxy section */

/* Begin PBXFileReference section */
		22FB54B20333E29EC02743B9 /* Pods-Parstagram.release.xcconfig */ = {isa = PBXFileReference; includeInIndex = 1; lastKnownFileType = text.xcconfig; name = "Pods-Parstagram.release.xcconfig"; path = "Target Support Files/Pods-Parstagram/Pods-Parstagram.release.xcconfig"; sourceTree = "<group>"; };
		3A26E6E1253F99D8006359FD /* Parstagram.app */ = {isa = PBXFileReference; explicitFileType = wrapper.application; includeInIndex = 0; path = Parstagram.app; sourceTree = BUILT_PRODUCTS_DIR; };
		3A26E6E4253F99D9006359FD /* AppDelegate.swift */ = {isa = PBXFileReference; lastKnownFileType = sourcecode.swift; path = AppDelegate.swift; sourceTree = "<group>"; };
		3A26E6E6253F99D9006359FD /* SceneDelegate.swift */ = {isa = PBXFileReference; lastKnownFileType = sourcecode.swift; path = SceneDelegate.swift; sourceTree = "<group>"; };
		3A26E6E8253F99D9006359FD /* ViewController.swift */ = {isa = PBXFileReference; lastKnownFileType = sourcecode.swift; path = ViewController.swift; sourceTree = "<group>"; };
		3A26E6EB253F99D9006359FD /* Base */ = {isa = PBXFileReference; lastKnownFileType = file.storyboard; name = Base; path = Base.lproj/Main.storyboard; sourceTree = "<group>"; };
		3A26E6ED253F99DA006359FD /* Assets.xcassets */ = {isa = PBXFileReference; lastKnownFileType = folder.assetcatalog; path = Assets.xcassets; sourceTree = "<group>"; };
		3A26E6F0253F99DA006359FD /* Base */ = {isa = PBXFileReference; lastKnownFileType = file.storyboard; name = Base; path = Base.lproj/LaunchScreen.storyboard; sourceTree = "<group>"; };
		3A26E6F2253F99DA006359FD /* Info.plist */ = {isa = PBXFileReference; lastKnownFileType = text.plist.xml; path = Info.plist; sourceTree = "<group>"; };
		3A26E6F7253F99DA006359FD /* ParstagramTests.xctest */ = {isa = PBXFileReference; explicitFileType = wrapper.cfbundle; includeInIndex = 0; path = ParstagramTests.xctest; sourceTree = BUILT_PRODUCTS_DIR; };
		3A26E6FB253F99DA006359FD /* ParstagramTests.swift */ = {isa = PBXFileReference; lastKnownFileType = sourcecode.swift; path = ParstagramTests.swift; sourceTree = "<group>"; };
		3A26E6FD253F99DA006359FD /* Info.plist */ = {isa = PBXFileReference; lastKnownFileType = text.plist.xml; path = Info.plist; sourceTree = "<group>"; };
		3A26E702253F99DA006359FD /* ParstagramUITests.xctest */ = {isa = PBXFileReference; explicitFileType = wrapper.cfbundle; includeInIndex = 0; path = ParstagramUITests.xctest; sourceTree = BUILT_PRODUCTS_DIR; };
		3A26E706253F99DA006359FD /* ParstagramUITests.swift */ = {isa = PBXFileReference; lastKnownFileType = sourcecode.swift; path = ParstagramUITests.swift; sourceTree = "<group>"; };
		3A26E708253F99DA006359FD /* Info.plist */ = {isa = PBXFileReference; lastKnownFileType = text.plist.xml; path = Info.plist; sourceTree = "<group>"; };
		3AC8DB06253F9C8900835E05 /* LoginViewController.swift */ = {isa = PBXFileReference; lastKnownFileType = sourcecode.swift; path = LoginViewController.swift; sourceTree = "<group>"; };
		3AC8DB0B253F9C9000835E05 /* FeedViewController.swift */ = {isa = PBXFileReference; lastKnownFileType = sourcecode.swift; path = FeedViewController.swift; sourceTree = "<group>"; };
		3AC8DB11253FA6E100835E05 /* CameraViewController.swift */ = {isa = PBXFileReference; fileEncoding = 4; lastKnownFileType = sourcecode.swift; path = CameraViewController.swift; sourceTree = "<group>"; };
		847C94EBFE064F85BF065A2C /* Pods-Parstagram-ParstagramUITests.release.xcconfig */ = {isa = PBXFileReference; includeInIndex = 1; lastKnownFileType = text.xcconfig; name = "Pods-Parstagram-ParstagramUITests.release.xcconfig"; path = "Target Support Files/Pods-Parstagram-ParstagramUITests/Pods-Parstagram-ParstagramUITests.release.xcconfig"; sourceTree = "<group>"; };
		9E81AD0CC1DACB358B68C971 /* Pods_Parstagram_ParstagramUITests.framework */ = {isa = PBXFileReference; explicitFileType = wrapper.framework; includeInIndex = 0; path = Pods_Parstagram_ParstagramUITests.framework; sourceTree = BUILT_PRODUCTS_DIR; };
		BC5648AF501AF3EF1656FF14 /* Pods-ParstagramTests.debug.xcconfig */ = {isa = PBXFileReference; includeInIndex = 1; lastKnownFileType = text.xcconfig; name = "Pods-ParstagramTests.debug.xcconfig"; path = "Target Support Files/Pods-ParstagramTests/Pods-ParstagramTests.debug.xcconfig"; sourceTree = "<group>"; };
		C49325CB9F90F5FB7A6851F3 /* Pods_ParstagramTests.framework */ = {isa = PBXFileReference; explicitFileType = wrapper.framework; includeInIndex = 0; path = Pods_ParstagramTests.framework; sourceTree = BUILT_PRODUCTS_DIR; };
		C86B746BB0E7A7D2231EBC60 /* Pods-Parstagram-ParstagramUITests.debug.xcconfig */ = {isa = PBXFileReference; includeInIndex = 1; lastKnownFileType = text.xcconfig; name = "Pods-Parstagram-ParstagramUITests.debug.xcconfig"; path = "Target Support Files/Pods-Parstagram-ParstagramUITests/Pods-Parstagram-ParstagramUITests.debug.xcconfig"; sourceTree = "<group>"; };
		E3497CDF6BA921F744B8CC6D /* Pods-Parstagram.debug.xcconfig */ = {isa = PBXFileReference; includeInIndex = 1; lastKnownFileType = text.xcconfig; name = "Pods-Parstagram.debug.xcconfig"; path = "Target Support Files/Pods-Parstagram/Pods-Parstagram.debug.xcconfig"; sourceTree = "<group>"; };
		EA44DD36C18B0E2B7F192E35 /* Pods_Parstagram.framework */ = {isa = PBXFileReference; explicitFileType = wrapper.framework; includeInIndex = 0; path = Pods_Parstagram.framework; sourceTree = BUILT_PRODUCTS_DIR; };
		F6B1378BCD197D7F1F85A29B /* Pods-ParstagramTests.release.xcconfig */ = {isa = PBXFileReference; includeInIndex = 1; lastKnownFileType = text.xcconfig; name = "Pods-ParstagramTests.release.xcconfig"; path = "Target Support Files/Pods-ParstagramTests/Pods-ParstagramTests.release.xcconfig"; sourceTree = "<group>"; };
/* End PBXFileReference section */

/* Begin PBXFrameworksBuildPhase section */
		3A26E6DE253F99D8006359FD /* Frameworks */ = {
			isa = PBXFrameworksBuildPhase;
			buildActionMask = 2147483647;
			files = (
				2FB7ECAE6544040F1E032DDF /* Pods_Parstagram.framework in Frameworks */,
			);
			runOnlyForDeploymentPostprocessing = 0;
		};
		3A26E6F4253F99DA006359FD /* Frameworks */ = {
			isa = PBXFrameworksBuildPhase;
			buildActionMask = 2147483647;
			files = (
				5E2ABFDA491CC01A23B32BE3 /* Pods_ParstagramTests.framework in Frameworks */,
			);
			runOnlyForDeploymentPostprocessing = 0;
		};
		3A26E6FF253F99DA006359FD /* Frameworks */ = {
			isa = PBXFrameworksBuildPhase;
			buildActionMask = 2147483647;
			files = (
				898001AB48DCCAE6BA369317 /* Pods_Parstagram_ParstagramUITests.framework in Frameworks */,
			);
			runOnlyForDeploymentPostprocessing = 0;
		};
/* End PBXFrameworksBuildPhase section */

/* Begin PBXGroup section */
		3A26E6D8253F99D8006359FD = {
			isa = PBXGroup;
			children = (
				3A26E6E3253F99D8006359FD /* Parstagram */,
				3A26E6FA253F99DA006359FD /* ParstagramTests */,
				3A26E705253F99DA006359FD /* ParstagramUITests */,
				3A26E6E2253F99D8006359FD /* Products */,
				FFC7D57C927826BAFFB697E2 /* Pods */,
				A4169B26EE4AEFF9AA25FBA6 /* Frameworks */,
			);
			sourceTree = "<group>";
		};
		3A26E6E2253F99D8006359FD /* Products */ = {
			isa = PBXGroup;
			children = (
				3A26E6E1253F99D8006359FD /* Parstagram.app */,
				3A26E6F7253F99DA006359FD /* ParstagramTests.xctest */,
				3A26E702253F99DA006359FD /* ParstagramUITests.xctest */,
			);
			name = Products;
			sourceTree = "<group>";
		};
		3A26E6E3253F99D8006359FD /* Parstagram */ = {
			isa = PBXGroup;
			children = (
				3AC8DB11253FA6E100835E05 /* CameraViewController.swift */,
				3A26E6E4253F99D9006359FD /* AppDelegate.swift */,
				3A26E6E6253F99D9006359FD /* SceneDelegate.swift */,
				3A26E6E8253F99D9006359FD /* ViewController.swift */,
				3A26E6EA253F99D9006359FD /* Main.storyboard */,
				3AC8DB06253F9C8900835E05 /* LoginViewController.swift */,
				3AC8DB0B253F9C9000835E05 /* FeedViewController.swift */,
				3A26E6ED253F99DA006359FD /* Assets.xcassets */,
				3A26E6EF253F99DA006359FD /* LaunchScreen.storyboard */,
				3A26E6F2253F99DA006359FD /* Info.plist */,
			);
			path = Parstagram;
			sourceTree = "<group>";
		};
		3A26E6FA253F99DA006359FD /* ParstagramTests */ = {
			isa = PBXGroup;
			children = (
				3A26E6FB253F99DA006359FD /* ParstagramTests.swift */,
				3A26E6FD253F99DA006359FD /* Info.plist */,
			);
			path = ParstagramTests;
			sourceTree = "<group>";
		};
		3A26E705253F99DA006359FD /* ParstagramUITests */ = {
			isa = PBXGroup;
			children = (
				3A26E706253F99DA006359FD /* ParstagramUITests.swift */,
				3A26E708253F99DA006359FD /* Info.plist */,
			);
			path = ParstagramUITests;
			sourceTree = "<group>";
		};
		A4169B26EE4AEFF9AA25FBA6 /* Frameworks */ = {
			isa = PBXGroup;
			children = (
				EA44DD36C18B0E2B7F192E35 /* Pods_Parstagram.framework */,
				9E81AD0CC1DACB358B68C971 /* Pods_Parstagram_ParstagramUITests.framework */,
				C49325CB9F90F5FB7A6851F3 /* Pods_ParstagramTests.framework */,
			);
			name = Frameworks;
			sourceTree = "<group>";
		};
		FFC7D57C927826BAFFB697E2 /* Pods */ = {
			isa = PBXGroup;
			children = (
				E3497CDF6BA921F744B8CC6D /* Pods-Parstagram.debug.xcconfig */,
				22FB54B20333E29EC02743B9 /* Pods-Parstagram.release.xcconfig */,
				C86B746BB0E7A7D2231EBC60 /* Pods-Parstagram-ParstagramUITests.debug.xcconfig */,
				847C94EBFE064F85BF065A2C /* Pods-Parstagram-ParstagramUITests.release.xcconfig */,
				BC5648AF501AF3EF1656FF14 /* Pods-ParstagramTests.debug.xcconfig */,
				F6B1378BCD197D7F1F85A29B /* Pods-ParstagramTests.release.xcconfig */,
			);
			path = Pods;
			sourceTree = "<group>";
		};
/* End PBXGroup section */

/* Begin PBXNativeTarget section */
		3A26E6E0253F99D8006359FD /* Parstagram */ = {
			isa = PBXNativeTarget;
			buildConfigurationList = 3A26E70B253F99DA006359FD /* Build configuration list for PBXNativeTarget "Parstagram" */;
			buildPhases = (
				DC7345897855A1B6F478C64C /* [CP] Check Pods Manifest.lock */,
				3A26E6DD253F99D8006359FD /* Sources */,
				3A26E6DE253F99D8006359FD /* Frameworks */,
				3A26E6DF253F99D8006359FD /* Resources */,
				1150CD6C6025A7316652E54E /* [CP] Embed Pods Frameworks */,
			);
			buildRules = (
			);
			dependencies = (
			);
			name = Parstagram;
			productName = Parstagram;
			productReference = 3A26E6E1253F99D8006359FD /* Parstagram.app */;
			productType = "com.apple.product-type.application";
		};
		3A26E6F6253F99DA006359FD /* ParstagramTests */ = {
			isa = PBXNativeTarget;
			buildConfigurationList = 3A26E70E253F99DA006359FD /* Build configuration list for PBXNativeTarget "ParstagramTests" */;
			buildPhases = (
				EA25E95CB805D87943F23EA3 /* [CP] Check Pods Manifest.lock */,
				3A26E6F3253F99DA006359FD /* Sources */,
				3A26E6F4253F99DA006359FD /* Frameworks */,
				3A26E6F5253F99DA006359FD /* Resources */,
			);
			buildRules = (
			);
			dependencies = (
				3A26E6F9253F99DA006359FD /* PBXTargetDependency */,
			);
			name = ParstagramTests;
			productName = ParstagramTests;
			productReference = 3A26E6F7253F99DA006359FD /* ParstagramTests.xctest */;
			productType = "com.apple.product-type.bundle.unit-test";
		};
		3A26E701253F99DA006359FD /* ParstagramUITests */ = {
			isa = PBXNativeTarget;
			buildConfigurationList = 3A26E711253F99DA006359FD /* Build configuration list for PBXNativeTarget "ParstagramUITests" */;
			buildPhases = (
				DB32FB69AA718087700C71E3 /* [CP] Check Pods Manifest.lock */,
				3A26E6FE253F99DA006359FD /* Sources */,
				3A26E6FF253F99DA006359FD /* Frameworks */,
				3A26E700253F99DA006359FD /* Resources */,
				EA53530D92DDB7FAE55E6F00 /* [CP] Embed Pods Frameworks */,
			);
			buildRules = (
			);
			dependencies = (
				3A26E704253F99DA006359FD /* PBXTargetDependency */,
			);
			name = ParstagramUITests;
			productName = ParstagramUITests;
			productReference = 3A26E702253F99DA006359FD /* ParstagramUITests.xctest */;
			productType = "com.apple.product-type.bundle.ui-testing";
		};
/* End PBXNativeTarget section */

/* Begin PBXProject section */
		3A26E6D9253F99D8006359FD /* Project object */ = {
			isa = PBXProject;
			attributes = {
				LastSwiftUpdateCheck = 1200;
				LastUpgradeCheck = 1200;
				TargetAttributes = {
					3A26E6E0253F99D8006359FD = {
						CreatedOnToolsVersion = 12.0.1;
					};
					3A26E6F6253F99DA006359FD = {
						CreatedOnToolsVersion = 12.0.1;
						TestTargetID = 3A26E6E0253F99D8006359FD;
					};
					3A26E701253F99DA006359FD = {
						CreatedOnToolsVersion = 12.0.1;
						TestTargetID = 3A26E6E0253F99D8006359FD;
					};
				};
			};
			buildConfigurationList = 3A26E6DC253F99D8006359FD /* Build configuration list for PBXProject "Parstagram" */;
			compatibilityVersion = "Xcode 9.3";
			developmentRegion = en;
			hasScannedForEncodings = 0;
			knownRegions = (
				en,
				Base,
			);
			mainGroup = 3A26E6D8253F99D8006359FD;
			productRefGroup = 3A26E6E2253F99D8006359FD /* Products */;
			projectDirPath = "";
			projectRoot = "";
			targets = (
				3A26E6E0253F99D8006359FD /* Parstagram */,
				3A26E6F6253F99DA006359FD /* ParstagramTests */,
				3A26E701253F99DA006359FD /* ParstagramUITests */,
			);
		};
/* End PBXProject section */

/* Begin PBXResourcesBuildPhase section */
		3A26E6DF253F99D8006359FD /* Resources */ = {
			isa = PBXResourcesBuildPhase;
			buildActionMask = 2147483647;
			files = (
				3A26E6F1253F99DA006359FD /* LaunchScreen.storyboard in Resources */,
				3A26E6EE253F99DA006359FD /* Assets.xcassets in Resources */,
				3A26E6EC253F99D9006359FD /* Main.storyboard in Resources */,
			);
			runOnlyForDeploymentPostprocessing = 0;
		};
		3A26E6F5253F99DA006359FD /* Resources */ = {
			isa = PBXResourcesBuildPhase;
			buildActionMask = 2147483647;
			files = (
			);
			runOnlyForDeploymentPostprocessing = 0;
		};
		3A26E700253F99DA006359FD /* Resources */ = {
			isa = PBXResourcesBuildPhase;
			buildActionMask = 2147483647;
			files = (
			);
			runOnlyForDeploymentPostprocessing = 0;
		};
/* End PBXResourcesBuildPhase section */

/* Begin PBXShellScriptBuildPhase section */
		1150CD6C6025A7316652E54E /* [CP] Embed Pods Frameworks */ = {
			isa = PBXShellScriptBuildPhase;
			buildActionMask = 2147483647;
			files = (
			);
			inputFileListPaths = (
				"${PODS_ROOT}/Target Support Files/Pods-Parstagram/Pods-Parstagram-frameworks-${CONFIGURATION}-input-files.xcfilelist",
			);
			name = "[CP] Embed Pods Frameworks";
			outputFileListPaths = (
				"${PODS_ROOT}/Target Support Files/Pods-Parstagram/Pods-Parstagram-frameworks-${CONFIGURATION}-output-files.xcfilelist",
			);
			runOnlyForDeploymentPostprocessing = 0;
			shellPath = /bin/sh;
			shellScript = "\"${PODS_ROOT}/Target Support Files/Pods-Parstagram/Pods-Parstagram-frameworks.sh\"\n";
			showEnvVarsInLog = 0;
		};
		DB32FB69AA718087700C71E3 /* [CP] Check Pods Manifest.lock */ = {
			isa = PBXShellScriptBuildPhase;
			buildActionMask = 2147483647;
			files = (
			);
			inputFileListPaths = (
			);
			inputPaths = (
				"${PODS_PODFILE_DIR_PATH}/Podfile.lock",
				"${PODS_ROOT}/Manifest.lock",
			);
			name = "[CP] Check Pods Manifest.lock";
			outputFileListPaths = (
			);
			outputPaths = (
				"$(DERIVED_FILE_DIR)/Pods-Parstagram-ParstagramUITests-checkManifestLockResult.txt",
			);
			runOnlyForDeploymentPostprocessing = 0;
			shellPath = /bin/sh;
			shellScript = "diff \"${PODS_PODFILE_DIR_PATH}/Podfile.lock\" \"${PODS_ROOT}/Manifest.lock\" > /dev/null\nif [ $? != 0 ] ; then\n    # print error to STDERR\n    echo \"error: The sandbox is not in sync with the Podfile.lock. Run 'pod install' or update your CocoaPods installation.\" >&2\n    exit 1\nfi\n# This output is used by Xcode 'outputs' to avoid re-running this script phase.\necho \"SUCCESS\" > \"${SCRIPT_OUTPUT_FILE_0}\"\n";
			showEnvVarsInLog = 0;
		};
		DC7345897855A1B6F478C64C /* [CP] Check Pods Manifest.lock */ = {
			isa = PBXShellScriptBuildPhase;
			buildActionMask = 2147483647;
			files = (
			);
			inputFileListPaths = (
			);
			inputPaths = (
				"${PODS_PODFILE_DIR_PATH}/Podfile.lock",
				"${PODS_ROOT}/Manifest.lock",
			);
			name = "[CP] Check Pods Manifest.lock";
			outputFileListPaths = (
			);
			outputPaths = (
				"$(DERIVED_FILE_DIR)/Pods-Parstagram-checkManifestLockResult.txt",
			);
			runOnlyForDeploymentPostprocessing = 0;
			shellPath = /bin/sh;
			shellScript = "diff \"${PODS_PODFILE_DIR_PATH}/Podfile.lock\" \"${PODS_ROOT}/Manifest.lock\" > /dev/null\nif [ $? != 0 ] ; then\n    # print error to STDERR\n    echo \"error: The sandbox is not in sync with the Podfile.lock. Run 'pod install' or update your CocoaPods installation.\" >&2\n    exit 1\nfi\n# This output is used by Xcode 'outputs' to avoid re-running this script phase.\necho \"SUCCESS\" > \"${SCRIPT_OUTPUT_FILE_0}\"\n";
			showEnvVarsInLog = 0;
		};
		EA25E95CB805D87943F23EA3 /* [CP] Check Pods Manifest.lock */ = {
			isa = PBXShellScriptBuildPhase;
			buildActionMask = 2147483647;
			files = (
			);
			inputFileListPaths = (
			);
			inputPaths = (
				"${PODS_PODFILE_DIR_PATH}/Podfile.lock",
				"${PODS_ROOT}/Manifest.lock",
			);
			name = "[CP] Check Pods Manifest.lock";
			outputFileListPaths = (
			);
			outputPaths = (
				"$(DERIVED_FILE_DIR)/Pods-ParstagramTests-checkManifestLockResult.txt",
			);
			runOnlyForDeploymentPostprocessing = 0;
			shellPath = /bin/sh;
			shellScript = "diff \"${PODS_PODFILE_DIR_PATH}/Podfile.lock\" \"${PODS_ROOT}/Manifest.lock\" > /dev/null\nif [ $? != 0 ] ; then\n    # print error to STDERR\n    echo \"error: The sandbox is not in sync with the Podfile.lock. Run 'pod install' or update your CocoaPods installation.\" >&2\n    exit 1\nfi\n# This output is used by Xcode 'outputs' to avoid re-running this script phase.\necho \"SUCCESS\" > \"${SCRIPT_OUTPUT_FILE_0}\"\n";
			showEnvVarsInLog = 0;
		};
		EA53530D92DDB7FAE55E6F00 /* [CP] Embed Pods Frameworks */ = {
			isa = PBXShellScriptBuildPhase;
			buildActionMask = 2147483647;
			files = (
			);
			inputFileListPaths = (
				"${PODS_ROOT}/Target Support Files/Pods-Parstagram-ParstagramUITests/Pods-Parstagram-ParstagramUITests-frameworks-${CONFIGURATION}-input-files.xcfilelist",
			);
			name = "[CP] Embed Pods Frameworks";
			outputFileListPaths = (
				"${PODS_ROOT}/Target Support Files/Pods-Parstagram-ParstagramUITests/Pods-Parstagram-ParstagramUITests-frameworks-${CONFIGURATION}-output-files.xcfilelist",
			);
			runOnlyForDeploymentPostprocessing = 0;
			shellPath = /bin/sh;
			shellScript = "\"${PODS_ROOT}/Target Support Files/Pods-Parstagram-ParstagramUITests/Pods-Parstagram-ParstagramUITests-frameworks.sh\"\n";
			showEnvVarsInLog = 0;
		};
/* End PBXShellScriptBuildPhase section */

/* Begin PBXSourcesBuildPhase section */
		3A26E6DD253F99D8006359FD /* Sources */ = {
			isa = PBXSourcesBuildPhase;
			buildActionMask = 2147483647;
			files = (
				3AC8DB07253F9C8900835E05 /* LoginViewController.swift in Sources */,
				3A26E6E9253F99D9006359FD /* ViewController.swift in Sources */,
				3AC8DB0C253F9C9000835E05 /* FeedViewController.swift in Sources */,
				3A26E6E5253F99D9006359FD /* AppDelegate.swift in Sources */,
				3A26E6E7253F99D9006359FD /* SceneDelegate.swift in Sources */,
				3AC8DB12253FA6E100835E05 /* CameraViewController.swift in Sources */,
			);
			runOnlyForDeploymentPostprocessing = 0;
		};
		3A26E6F3253F99DA006359FD /* Sources */ = {
			isa = PBXSourcesBuildPhase;
			buildActionMask = 2147483647;
			files = (
				3A26E6FC253F99DA006359FD /* ParstagramTests.swift in Sources */,
			);
			runOnlyForDeploymentPostprocessing = 0;
		};
		3A26E6FE253F99DA006359FD /* Sources */ = {
			isa = PBXSourcesBuildPhase;
			buildActionMask = 2147483647;
			files = (
				3A26E707253F99DA006359FD /* ParstagramUITests.swift in Sources */,
			);
			runOnlyForDeploymentPostprocessing = 0;
		};
/* End PBXSourcesBuildPhase section */

/* Begin PBXTargetDependency section */
		3A26E6F9253F99DA006359FD /* PBXTargetDependency */ = {
			isa = PBXTargetDependency;
			target = 3A26E6E0253F99D8006359FD /* Parstagram */;
			targetProxy = 3A26E6F8253F99DA006359FD /* PBXContainerItemProxy */;
		};
		3A26E704253F99DA006359FD /* PBXTargetDependency */ = {
			isa = PBXTargetDependency;
			target = 3A26E6E0253F99D8006359FD /* Parstagram */;
			targetProxy = 3A26E703253F99DA006359FD /* PBXContainerItemProxy */;
		};
/* End PBXTargetDependency section */

/* Begin PBXVariantGroup section */
		3A26E6EA253F99D9006359FD /* Main.storyboard */ = {
			isa = PBXVariantGroup;
			children = (
				3A26E6EB253F99D9006359FD /* Base */,
			);
			name = Main.storyboard;
			sourceTree = "<group>";
		};
		3A26E6EF253F99DA006359FD /* LaunchScreen.storyboard */ = {
			isa = PBXVariantGroup;
			children = (
				3A26E6F0253F99DA006359FD /* Base */,
			);
			name = LaunchScreen.storyboard;
			sourceTree = "<group>";
		};
/* End PBXVariantGroup section */

/* Begin XCBuildConfiguration section */
		3A26E709253F99DA006359FD /* Debug */ = {
			isa = XCBuildConfiguration;
			buildSettings = {
				ALWAYS_SEARCH_USER_PATHS = NO;
				CLANG_ANALYZER_NONNULL = YES;
				CLANG_ANALYZER_NUMBER_OBJECT_CONVERSION = YES_AGGRESSIVE;
				CLANG_CXX_LANGUAGE_STANDARD = "gnu++14";
				CLANG_CXX_LIBRARY = "libc++";
				CLANG_ENABLE_MODULES = YES;
				CLANG_ENABLE_OBJC_ARC = YES;
				CLANG_ENABLE_OBJC_WEAK = YES;
				CLANG_WARN_BLOCK_CAPTURE_AUTORELEASING = YES;
				CLANG_WARN_BOOL_CONVERSION = YES;
				CLANG_WARN_COMMA = YES;
				CLANG_WARN_CONSTANT_CONVERSION = YES;
				CLANG_WARN_DEPRECATED_OBJC_IMPLEMENTATIONS = YES;
				CLANG_WARN_DIRECT_OBJC_ISA_USAGE = YES_ERROR;
				CLANG_WARN_DOCUMENTATION_COMMENTS = YES;
				CLANG_WARN_EMPTY_BODY = YES;
				CLANG_WARN_ENUM_CONVERSION = YES;
				CLANG_WARN_INFINITE_RECURSION = YES;
				CLANG_WARN_INT_CONVERSION = YES;
				CLANG_WARN_NON_LITERAL_NULL_CONVERSION = YES;
				CLANG_WARN_OBJC_IMPLICIT_RETAIN_SELF = YES;
				CLANG_WARN_OBJC_LITERAL_CONVERSION = YES;
				CLANG_WARN_OBJC_ROOT_CLASS = YES_ERROR;
				CLANG_WARN_QUOTED_INCLUDE_IN_FRAMEWORK_HEADER = YES;
				CLANG_WARN_RANGE_LOOP_ANALYSIS = YES;
				CLANG_WARN_STRICT_PROTOTYPES = YES;
				CLANG_WARN_SUSPICIOUS_MOVE = YES;
				CLANG_WARN_UNGUARDED_AVAILABILITY = YES_AGGRESSIVE;
				CLANG_WARN_UNREACHABLE_CODE = YES;
				CLANG_WARN__DUPLICATE_METHOD_MATCH = YES;
				COPY_PHASE_STRIP = NO;
				DEBUG_INFORMATION_FORMAT = dwarf;
				ENABLE_STRICT_OBJC_MSGSEND = YES;
				ENABLE_TESTABILITY = YES;
				GCC_C_LANGUAGE_STANDARD = gnu11;
				GCC_DYNAMIC_NO_PIC = NO;
				GCC_NO_COMMON_BLOCKS = YES;
				GCC_OPTIMIZATION_LEVEL = 0;
				GCC_PREPROCESSOR_DEFINITIONS = (
					"DEBUG=1",
					"$(inherited)",
				);
				GCC_WARN_64_TO_32_BIT_CONVERSION = YES;
				GCC_WARN_ABOUT_RETURN_TYPE = YES_ERROR;
				GCC_WARN_UNDECLARED_SELECTOR = YES;
				GCC_WARN_UNINITIALIZED_AUTOS = YES_AGGRESSIVE;
				GCC_WARN_UNUSED_FUNCTION = YES;
				GCC_WARN_UNUSED_VARIABLE = YES;
				IPHONEOS_DEPLOYMENT_TARGET = 14.0;
				MTL_ENABLE_DEBUG_INFO = INCLUDE_SOURCE;
				MTL_FAST_MATH = YES;
				ONLY_ACTIVE_ARCH = YES;
				SDKROOT = iphoneos;
				SWIFT_ACTIVE_COMPILATION_CONDITIONS = DEBUG;
				SWIFT_OPTIMIZATION_LEVEL = "-Onone";
			};
			name = Debug;
		};
		3A26E70A253F99DA006359FD /* Release */ = {
			isa = XCBuildConfiguration;
			buildSettings = {
				ALWAYS_SEARCH_USER_PATHS = NO;
				CLANG_ANALYZER_NONNULL = YES;
				CLANG_ANALYZER_NUMBER_OBJECT_CONVERSION = YES_AGGRESSIVE;
				CLANG_CXX_LANGUAGE_STANDARD = "gnu++14";
				CLANG_CXX_LIBRARY = "libc++";
				CLANG_ENABLE_MODULES = YES;
				CLANG_ENABLE_OBJC_ARC = YES;
				CLANG_ENABLE_OBJC_WEAK = YES;
				CLANG_WARN_BLOCK_CAPTURE_AUTORELEASING = YES;
				CLANG_WARN_BOOL_CONVERSION = YES;
				CLANG_WARN_COMMA = YES;
				CLANG_WARN_CONSTANT_CONVERSION = YES;
				CLANG_WARN_DEPRECATED_OBJC_IMPLEMENTATIONS = YES;
				CLANG_WARN_DIRECT_OBJC_ISA_USAGE = YES_ERROR;
				CLANG_WARN_DOCUMENTATION_COMMENTS = YES;
				CLANG_WARN_EMPTY_BODY = YES;
				CLANG_WARN_ENUM_CONVERSION = YES;
				CLANG_WARN_INFINITE_RECURSION = YES;
				CLANG_WARN_INT_CONVERSION = YES;
				CLANG_WARN_NON_LITERAL_NULL_CONVERSION = YES;
				CLANG_WARN_OBJC_IMPLICIT_RETAIN_SELF = YES;
				CLANG_WARN_OBJC_LITERAL_CONVERSION = YES;
				CLANG_WARN_OBJC_ROOT_CLASS = YES_ERROR;
				CLANG_WARN_QUOTED_INCLUDE_IN_FRAMEWORK_HEADER = YES;
				CLANG_WARN_RANGE_LOOP_ANALYSIS = YES;
				CLANG_WARN_STRICT_PROTOTYPES = YES;
				CLANG_WARN_SUSPICIOUS_MOVE = YES;
				CLANG_WARN_UNGUARDED_AVAILABILITY = YES_AGGRESSIVE;
				CLANG_WARN_UNREACHABLE_CODE = YES;
				CLANG_WARN__DUPLICATE_METHOD_MATCH = YES;
				COPY_PHASE_STRIP = NO;
				DEBUG_INFORMATION_FORMAT = "dwarf-with-dsym";
				ENABLE_NS_ASSERTIONS = NO;
				ENABLE_STRICT_OBJC_MSGSEND = YES;
				GCC_C_LANGUAGE_STANDARD = gnu11;
				GCC_NO_COMMON_BLOCKS = YES;
				GCC_WARN_64_TO_32_BIT_CONVERSION = YES;
				GCC_WARN_ABOUT_RETURN_TYPE = YES_ERROR;
				GCC_WARN_UNDECLARED_SELECTOR = YES;
				GCC_WARN_UNINITIALIZED_AUTOS = YES_AGGRESSIVE;
				GCC_WARN_UNUSED_FUNCTION = YES;
				GCC_WARN_UNUSED_VARIABLE = YES;
				IPHONEOS_DEPLOYMENT_TARGET = 14.0;
				MTL_ENABLE_DEBUG_INFO = NO;
				MTL_FAST_MATH = YES;
				SDKROOT = iphoneos;
				SWIFT_COMPILATION_MODE = wholemodule;
				SWIFT_OPTIMIZATION_LEVEL = "-O";
				VALIDATE_PRODUCT = YES;
			};
			name = Release;
		};
		3A26E70C253F99DA006359FD /* Debug */ = {
			isa = XCBuildConfiguration;
			baseConfigurationReference = E3497CDF6BA921F744B8CC6D /* Pods-Parstagram.debug.xcconfig */;
			buildSettings = {
				ASSETCATALOG_COMPILER_APPICON_NAME = AppIcon;
				ASSETCATALOG_COMPILER_GLOBAL_ACCENT_COLOR_NAME = AccentColor;
				CODE_SIGN_STYLE = Automatic;
				INFOPLIST_FILE = Parstagram/Info.plist;
				LD_RUNPATH_SEARCH_PATHS = (
					"$(inherited)",
					"@executable_path/Frameworks",
				);
				PRODUCT_BUNDLE_IDENTIFIER = ps.Parstagram;
				PRODUCT_NAME = "$(TARGET_NAME)";
				SWIFT_VERSION = 5.0;
				TARGETED_DEVICE_FAMILY = "1,2";
			};
			name = Debug;
		};
		3A26E70D253F99DA006359FD /* Release */ = {
			isa = XCBuildConfiguration;
			baseConfigurationReference = 22FB54B20333E29EC02743B9 /* Pods-Parstagram.release.xcconfig */;
			buildSettings = {
				ASSETCATALOG_COMPILER_APPICON_NAME = AppIcon;
				ASSETCATALOG_COMPILER_GLOBAL_ACCENT_COLOR_NAME = AccentColor;
				CODE_SIGN_STYLE = Automatic;
				INFOPLIST_FILE = Parstagram/Info.plist;
				LD_RUNPATH_SEARCH_PATHS = (
					"$(inherited)",
					"@executable_path/Frameworks",
				);
				PRODUCT_BUNDLE_IDENTIFIER = ps.Parstagram;
				PRODUCT_NAME = "$(TARGET_NAME)";
				SWIFT_VERSION = 5.0;
				TARGETED_DEVICE_FAMILY = "1,2";
			};
			name = Release;
		};
		3A26E70F253F99DA006359FD /* Debug */ = {
			isa = XCBuildConfiguration;
			baseConfigurationReference = BC5648AF501AF3EF1656FF14 /* Pods-ParstagramTests.debug.xcconfig */;
			buildSettings = {
				ALWAYS_EMBED_SWIFT_STANDARD_LIBRARIES = YES;
				BUNDLE_LOADER = "$(TEST_HOST)";
				CODE_SIGN_STYLE = Automatic;
				INFOPLIST_FILE = ParstagramTests/Info.plist;
				IPHONEOS_DEPLOYMENT_TARGET = 14.0;
				LD_RUNPATH_SEARCH_PATHS = (
					"$(inherited)",
					"@executable_path/Frameworks",
					"@loader_path/Frameworks",
				);
				PRODUCT_BUNDLE_IDENTIFIER = ps.ParstagramTests;
				PRODUCT_NAME = "$(TARGET_NAME)";
				SWIFT_VERSION = 5.0;
				TARGETED_DEVICE_FAMILY = "1,2";
				TEST_HOST = "$(BUILT_PRODUCTS_DIR)/Parstagram.app/Parstagram";
			};
			name = Debug;
		};
		3A26E710253F99DA006359FD /* Release */ = {
			isa = XCBuildConfiguration;
			baseConfigurationReference = F6B1378BCD197D7F1F85A29B /* Pods-ParstagramTests.release.xcconfig */;
			buildSettings = {
				ALWAYS_EMBED_SWIFT_STANDARD_LIBRARIES = YES;
				BUNDLE_LOADER = "$(TEST_HOST)";
				CODE_SIGN_STYLE = Automatic;
				INFOPLIST_FILE = ParstagramTests/Info.plist;
				IPHONEOS_DEPLOYMENT_TARGET = 14.0;
				LD_RUNPATH_SEARCH_PATHS = (
					"$(inherited)",
					"@executable_path/Frameworks",
					"@loader_path/Frameworks",
				);
				PRODUCT_BUNDLE_IDENTIFIER = ps.ParstagramTests;
				PRODUCT_NAME = "$(TARGET_NAME)";
				SWIFT_VERSION = 5.0;
				TARGETED_DEVICE_FAMILY = "1,2";
				TEST_HOST = "$(BUILT_PRODUCTS_DIR)/Parstagram.app/Parstagram";
			};
			name = Release;
		};
		3A26E712253F99DA006359FD /* Debug */ = {
			isa = XCBuildConfiguration;
			baseConfigurationReference = C86B746BB0E7A7D2231EBC60 /* Pods-Parstagram-ParstagramUITests.debug.xcconfig */;
			buildSettings = {
				ALWAYS_EMBED_SWIFT_STANDARD_LIBRARIES = YES;
				CODE_SIGN_STYLE = Automatic;
				INFOPLIST_FILE = ParstagramUITests/Info.plist;
				LD_RUNPATH_SEARCH_PATHS = (
					"$(inherited)",
					"@executable_path/Frameworks",
					"@loader_path/Frameworks",
				);
				PRODUCT_BUNDLE_IDENTIFIER = ps.ParstagramUITests;
				PRODUCT_NAME = "$(TARGET_NAME)";
				SWIFT_VERSION = 5.0;
				TARGETED_DEVICE_FAMILY = "1,2";
				TEST_TARGET_NAME = Parstagram;
			};
			name = Debug;
		};
		3A26E713253F99DA006359FD /* Release */ = {
			isa = XCBuildConfiguration;
			baseConfigurationReference = 847C94EBFE064F85BF065A2C /* Pods-Parstagram-ParstagramUITests.release.xcconfig */;
			buildSettings = {
				ALWAYS_EMBED_SWIFT_STANDARD_LIBRARIES = YES;
				CODE_SIGN_STYLE = Automatic;
				INFOPLIST_FILE = ParstagramUITests/Info.plist;
				LD_RUNPATH_SEARCH_PATHS = (
					"$(inherited)",
					"@executable_path/Frameworks",
					"@loader_path/Frameworks",
				);
				PRODUCT_BUNDLE_IDENTIFIER = ps.ParstagramUITests;
				PRODUCT_NAME = "$(TARGET_NAME)";
				SWIFT_VERSION = 5.0;
				TARGETED_DEVICE_FAMILY = "1,2";
				TEST_TARGET_NAME = Parstagram;
			};
			name = Release;
		};
/* End XCBuildConfiguration section */

/* Begin XCConfigurationList section */
		3A26E6DC253F99D8006359FD /* Build configuration list for PBXProject "Parstagram" */ = {
			isa = XCConfigurationList;
			buildConfigurations = (
				3A26E709253F99DA006359FD /* Debug */,
				3A26E70A253F99DA006359FD /* Release */,
			);
			defaultConfigurationIsVisible = 0;
			defaultConfigurationName = Release;
		};
		3A26E70B253F99DA006359FD /* Build configuration list for PBXNativeTarget "Parstagram" */ = {
			isa = XCConfigurationList;
			buildConfigurations = (
				3A26E70C253F99DA006359FD /* Debug */,
				3A26E70D253F99DA006359FD /* Release */,
			);
			defaultConfigurationIsVisible = 0;
			defaultConfigurationName = Release;
		};
		3A26E70E253F99DA006359FD /* Build configuration list for PBXNativeTarget "ParstagramTests" */ = {
			isa = XCConfigurationList;
			buildConfigurations = (
				3A26E70F253F99DA006359FD /* Debug */,
				3A26E710253F99DA006359FD /* Release */,
			);
			defaultConfigurationIsVisible = 0;
			defaultConfigurationName = Release;
		};
		3A26E711253F99DA006359FD /* Build configuration list for PBXNativeTarget "ParstagramUITests" */ = {
			isa = XCConfigurationList;
			buildConfigurations = (
				3A26E712253F99DA006359FD /* Debug */,
				3A26E713253F99DA006359FD /* Release */,
			);
			defaultConfigurationIsVisible = 0;
			defaultConfigurationName = Release;
		};
/* End XCConfigurationList section */
	};
	rootObject = 3A26E6D9253F99D8006359FD /* Project object */;
}
